
Microsoft Visual Studio Solution File, Format Version 12.00
# Visual Studio 14
VisualStudioVersion = 14.0.25420.1
MinimumVisualStudioVersion = 10.0.40219.1
Project("{FAE04EC0-301F-11D3-BF4B-00C04F79EFBC}") = "Meep_Meep", "Meep-Meep\Meep_Meep\Meep_Meep.csproj", "{48E05B89-F692-47BF-B3CD-86717768A1F8}"
EndProject
Project("{96E2B04D-8817-42C6-938A-82C39BA4D311}") = "Meep_MeepContent", "Meep-Meep\Meep_MeepContent\Meep_MeepContent.contentproj", "{0ED45635-AEF6-40DB-8275-464961802B4A}"
EndProject
Global
	GlobalSection(SolutionConfigurationPlatforms) = preSolution
		Debug|x86 = Debug|x86
		Release|x86 = Release|x86
	EndGlobalSection
	GlobalSection(ProjectConfigurationPlatforms) = postSolution
		{48E05B89-F692-47BF-B3CD-86717768A1F8}.Debug|x86.ActiveCfg = Debug|x86
		{48E05B89-F692-47BF-B3CD-86717768A1F8}.Debug|x86.Build.0 = Debug|x86
		{48E05B89-F692-47BF-B3CD-86717768A1F8}.Release|x86.ActiveCfg = Release|x86
		{48E05B89-F692-47BF-B3CD-86717768A1F8}.Release|x86.Build.0 = Release|x86
		{0ED45635-AEF6-40DB-8275-464961802B4A}.Debug|x86.ActiveCfg = Debug|x86
		{0ED45635-AEF6-40DB-8275-464961802B4A}.Release|x86.ActiveCfg = Release|x86
	EndGlobalSection
	GlobalSection(SolutionProperties) = preSolution
		HideSolutionNode = FALSE
	EndGlobalSection
EndGlobal
